
Microsoft Visual Studio Solution File, Format Version 12.00
# Visual Studio Version 17
VisualStudioVersion = 17.7.34009.444
MinimumVisualStudioVersion = 10.0.40219.1
Project("{9A19103F-16F7-4668-BE54-9A1E7A4F7556}") = "ProjectPRN", "ProjectPRN\ProjectPRN.csproj", "{FC6EFF98-9E0B-4BC9-9BC4-48DD723EEAB0}"
EndProject
Global
	GlobalSection(SolutionConfigurationPlatforms) = preSolution
		Debug|Any CPU = Debug|Any CPU
		Release|Any CPU = Release|Any CPU
	EndGlobalSection
	GlobalSection(ProjectConfigurationPlatforms) = postSolution
		{FC6EFF98-9E0B-4BC9-9BC4-48DD723EEAB0}.Debug|Any CPU.ActiveCfg = Debug|Any CPU
		{FC6EFF98-9E0B-4BC9-9BC4-48DD723EEAB0}.Debug|Any CPU.Build.0 = Debug|Any CPU
		{FC6EFF98-9E0B-4BC9-9BC4-48DD723EEAB0}.Release|Any CPU.ActiveCfg = Release|Any CPU
		{FC6EFF98-9E0B-4BC9-9BC4-48DD723EEAB0}.Release|Any CPU.Build.0 = Release|Any CPU
	EndGlobalSection
	GlobalSection(SolutionProperties) = preSolution
		HideSolutionNode = FALSE
	EndGlobalSection
	GlobalSection(ExtensibilityGlobals) = postSolution
		SolutionGuid = {747140B3-8B2B-4BDB-8439-1D10A27AF8D5}
	EndGlobalSection
EndGlobal
